
Microsoft Visual Studio Solution File, Format Version 12.00
# Visual Studio 15
VisualStudioVersion = 15.0.26124.0
MinimumVisualStudioVersion = 15.0.26124.0
Project("{F2A71F9B-5D33-465A-A702-920D77279786}") = "Lexer", "Lexer\Lexer.fsproj", "{5D1551D0-F4F1-4246-A6DD-7E4F29ED7013}"
EndProject
Project("{F2A71F9B-5D33-465A-A702-920D77279786}") = "Lexer.Test", "Lexer.Test\Lexer.Test.fsproj", "{CDB9CFBA-AB4B-41BF-AB96-7029CDF71E83}"
EndProject
Project("{F2A71F9B-5D33-465A-A702-920D77279786}") = "Parser", "Parser\Parser.fsproj", "{39A6E354-2322-490B-9620-A3278AADBFDC}"
EndProject
Project("{F2A71F9B-5D33-465A-A702-920D77279786}") = "Parser.Test", "Parser.Test\Parser.Test.fsproj", "{53162974-3EB4-4D0D-86BB-793B5F97CF60}"
EndProject
Project("{F2A71F9B-5D33-465A-A702-920D77279786}") = "SemanticAnalysis", "SemanticAnalysis\SemanticAnalysis.fsproj", "{B9C59169-55D5-4458-8C4D-0C7C8318E334}"
EndProject
Project("{F2A71F9B-5D33-465A-A702-920D77279786}") = "SemanticAnalysis.Test", "SemanticAnalysis.Test\SemanticAnalysis.Test.fsproj", "{34406E62-7907-492A-8CAE-DDA913F39856}"
EndProject
Project("{F2A71F9B-5D33-465A-A702-920D77279786}") = "TigerFrontEnd", "TigerFrontEnd\TigerFrontEnd.fsproj", "{DDD226DA-3B7C-4389-B385-67DBC0391E94}"
EndProject
Project("{F2A71F9B-5D33-465A-A702-920D77279786}") = "TigerFrontEnd.Test", "TigerFrontEnd.Test\TigerFrontEnd.Test.fsproj", "{E912AC37-FEC4-4EEA-870F-085B69411069}"
EndProject
Global
	GlobalSection(SolutionConfigurationPlatforms) = preSolution
		Debug|Any CPU = Debug|Any CPU
		Debug|x64 = Debug|x64
		Debug|x86 = Debug|x86
		Release|Any CPU = Release|Any CPU
		Release|x64 = Release|x64
		Release|x86 = Release|x86
	EndGlobalSection
	GlobalSection(SolutionProperties) = preSolution
		HideSolutionNode = FALSE
	EndGlobalSection
	GlobalSection(ProjectConfigurationPlatforms) = postSolution
		{5D1551D0-F4F1-4246-A6DD-7E4F29ED7013}.Debug|Any CPU.ActiveCfg = Debug|Any CPU
		{5D1551D0-F4F1-4246-A6DD-7E4F29ED7013}.Debug|Any CPU.Build.0 = Debug|Any CPU
		{5D1551D0-F4F1-4246-A6DD-7E4F29ED7013}.Debug|x64.ActiveCfg = Debug|x64
		{5D1551D0-F4F1-4246-A6DD-7E4F29ED7013}.Debug|x64.Build.0 = Debug|x64
		{5D1551D0-F4F1-4246-A6DD-7E4F29ED7013}.Debug|x86.ActiveCfg = Debug|x86
		{5D1551D0-F4F1-4246-A6DD-7E4F29ED7013}.Debug|x86.Build.0 = Debug|x86
		{5D1551D0-F4F1-4246-A6DD-7E4F29ED7013}.Release|Any CPU.ActiveCfg = Release|Any CPU
		{5D1551D0-F4F1-4246-A6DD-7E4F29ED7013}.Release|Any CPU.Build.0 = Release|Any CPU
		{5D1551D0-F4F1-4246-A6DD-7E4F29ED7013}.Release|x64.ActiveCfg = Release|x64
		{5D1551D0-F4F1-4246-A6DD-7E4F29ED7013}.Release|x64.Build.0 = Release|x64
		{5D1551D0-F4F1-4246-A6DD-7E4F29ED7013}.Release|x86.ActiveCfg = Release|x86
		{5D1551D0-F4F1-4246-A6DD-7E4F29ED7013}.Release|x86.Build.0 = Release|x86
		{CDB9CFBA-AB4B-41BF-AB96-7029CDF71E83}.Debug|Any CPU.ActiveCfg = Debug|Any CPU
		{CDB9CFBA-AB4B-41BF-AB96-7029CDF71E83}.Debug|Any CPU.Build.0 = Debug|Any CPU
		{CDB9CFBA-AB4B-41BF-AB96-7029CDF71E83}.Debug|x64.ActiveCfg = Debug|x64
		{CDB9CFBA-AB4B-41BF-AB96-7029CDF71E83}.Debug|x64.Build.0 = Debug|x64
		{CDB9CFBA-AB4B-41BF-AB96-7029CDF71E83}.Debug|x86.ActiveCfg = Debug|x86
		{CDB9CFBA-AB4B-41BF-AB96-7029CDF71E83}.Debug|x86.Build.0 = Debug|x86
		{CDB9CFBA-AB4B-41BF-AB96-7029CDF71E83}.Release|Any CPU.ActiveCfg = Release|Any CPU
		{CDB9CFBA-AB4B-41BF-AB96-7029CDF71E83}.Release|Any CPU.Build.0 = Release|Any CPU
		{CDB9CFBA-AB4B-41BF-AB96-7029CDF71E83}.Release|x64.ActiveCfg = Release|x64
		{CDB9CFBA-AB4B-41BF-AB96-7029CDF71E83}.Release|x64.Build.0 = Release|x64
		{CDB9CFBA-AB4B-41BF-AB96-7029CDF71E83}.Release|x86.ActiveCfg = Release|x86
		{CDB9CFBA-AB4B-41BF-AB96-7029CDF71E83}.Release|x86.Build.0 = Release|x86
		{39A6E354-2322-490B-9620-A3278AADBFDC}.Debug|Any CPU.ActiveCfg = Debug|Any CPU
		{39A6E354-2322-490B-9620-A3278AADBFDC}.Debug|Any CPU.Build.0 = Debug|Any CPU
		{39A6E354-2322-490B-9620-A3278AADBFDC}.Debug|x64.ActiveCfg = Debug|x64
		{39A6E354-2322-490B-9620-A3278AADBFDC}.Debug|x64.Build.0 = Debug|x64
		{39A6E354-2322-490B-9620-A3278AADBFDC}.Debug|x86.ActiveCfg = Debug|x86
		{39A6E354-2322-490B-9620-A3278AADBFDC}.Debug|x86.Build.0 = Debug|x86
		{39A6E354-2322-490B-9620-A3278AADBFDC}.Release|Any CPU.ActiveCfg = Release|Any CPU
		{39A6E354-2322-490B-9620-A3278AADBFDC}.Release|Any CPU.Build.0 = Release|Any CPU
		{39A6E354-2322-490B-9620-A3278AADBFDC}.Release|x64.ActiveCfg = Release|x64
		{39A6E354-2322-490B-9620-A3278AADBFDC}.Release|x64.Build.0 = Release|x64
		{39A6E354-2322-490B-9620-A3278AADBFDC}.Release|x86.ActiveCfg = Release|x86
		{39A6E354-2322-490B-9620-A3278AADBFDC}.Release|x86.Build.0 = Release|x86
		{53162974-3EB4-4D0D-86BB-793B5F97CF60}.Debug|Any CPU.ActiveCfg = Debug|Any CPU
		{53162974-3EB4-4D0D-86BB-793B5F97CF60}.Debug|Any CPU.Build.0 = Debug|Any CPU
		{53162974-3EB4-4D0D-86BB-793B5F97CF60}.Debug|x64.ActiveCfg = Debug|x64
		{53162974-3EB4-4D0D-86BB-793B5F97CF60}.Debug|x64.Build.0 = Debug|x64
		{53162974-3EB4-4D0D-86BB-793B5F97CF60}.Debug|x86.ActiveCfg = Debug|x86
		{53162974-3EB4-4D0D-86BB-793B5F97CF60}.Debug|x86.Build.0 = Debug|x86
		{53162974-3EB4-4D0D-86BB-793B5F97CF60}.Release|Any CPU.ActiveCfg = Release|Any CPU
		{53162974-3EB4-4D0D-86BB-793B5F97CF60}.Release|Any CPU.Build.0 = Release|Any CPU
		{53162974-3EB4-4D0D-86BB-793B5F97CF60}.Release|x64.ActiveCfg = Release|x64
		{53162974-3EB4-4D0D-86BB-793B5F97CF60}.Release|x64.Build.0 = Release|x64
		{53162974-3EB4-4D0D-86BB-793B5F97CF60}.Release|x86.ActiveCfg = Release|x86
		{53162974-3EB4-4D0D-86BB-793B5F97CF60}.Release|x86.Build.0 = Release|x86
		{B9C59169-55D5-4458-8C4D-0C7C8318E334}.Debug|Any CPU.ActiveCfg = Debug|Any CPU
		{B9C59169-55D5-4458-8C4D-0C7C8318E334}.Debug|Any CPU.Build.0 = Debug|Any CPU
		{B9C59169-55D5-4458-8C4D-0C7C8318E334}.Debug|x64.ActiveCfg = Debug|x64
		{B9C59169-55D5-4458-8C4D-0C7C8318E334}.Debug|x64.Build.0 = Debug|x64
		{B9C59169-55D5-4458-8C4D-0C7C8318E334}.Debug|x86.ActiveCfg = Debug|x86
		{B9C59169-55D5-4458-8C4D-0C7C8318E334}.Debug|x86.Build.0 = Debug|x86
		{B9C59169-55D5-4458-8C4D-0C7C8318E334}.Release|Any CPU.ActiveCfg = Release|Any CPU
		{B9C59169-55D5-4458-8C4D-0C7C8318E334}.Release|Any CPU.Build.0 = Release|Any CPU
		{B9C59169-55D5-4458-8C4D-0C7C8318E334}.Release|x64.ActiveCfg = Release|x64
		{B9C59169-55D5-4458-8C4D-0C7C8318E334}.Release|x64.Build.0 = Release|x64
		{B9C59169-55D5-4458-8C4D-0C7C8318E334}.Release|x86.ActiveCfg = Release|x86
		{B9C59169-55D5-4458-8C4D-0C7C8318E334}.Release|x86.Build.0 = Release|x86
		{34406E62-7907-492A-8CAE-DDA913F39856}.Debug|Any CPU.ActiveCfg = Debug|Any CPU
		{34406E62-7907-492A-8CAE-DDA913F39856}.Debug|Any CPU.Build.0 = Debug|Any CPU
		{34406E62-7907-492A-8CAE-DDA913F39856}.Debug|x64.ActiveCfg = Debug|x64
		{34406E62-7907-492A-8CAE-DDA913F39856}.Debug|x64.Build.0 = Debug|x64
		{34406E62-7907-492A-8CAE-DDA913F39856}.Debug|x86.ActiveCfg = Debug|x86
		{34406E62-7907-492A-8CAE-DDA913F39856}.Debug|x86.Build.0 = Debug|x86
		{34406E62-7907-492A-8CAE-DDA913F39856}.Release|Any CPU.ActiveCfg = Release|Any CPU
		{34406E62-7907-492A-8CAE-DDA913F39856}.Release|Any CPU.Build.0 = Release|Any CPU
		{34406E62-7907-492A-8CAE-DDA913F39856}.Release|x64.ActiveCfg = Release|x64
		{34406E62-7907-492A-8CAE-DDA913F39856}.Release|x64.Build.0 = Release|x64
		{34406E62-7907-492A-8CAE-DDA913F39856}.Release|x86.ActiveCfg = Release|x86
		{34406E62-7907-492A-8CAE-DDA913F39856}.Release|x86.Build.0 = Release|x86
		{DDD226DA-3B7C-4389-B385-67DBC0391E94}.Debug|Any CPU.ActiveCfg = Debug|Any CPU
		{DDD226DA-3B7C-4389-B385-67DBC0391E94}.Debug|Any CPU.Build.0 = Debug|Any CPU
		{DDD226DA-3B7C-4389-B385-67DBC0391E94}.Debug|x64.ActiveCfg = Debug|x64
		{DDD226DA-3B7C-4389-B385-67DBC0391E94}.Debug|x64.Build.0 = Debug|x64
		{DDD226DA-3B7C-4389-B385-67DBC0391E94}.Debug|x86.ActiveCfg = Debug|x86
		{DDD226DA-3B7C-4389-B385-67DBC0391E94}.Debug|x86.Build.0 = Debug|x86
		{DDD226DA-3B7C-4389-B385-67DBC0391E94}.Release|Any CPU.ActiveCfg = Release|Any CPU
		{DDD226DA-3B7C-4389-B385-67DBC0391E94}.Release|Any CPU.Build.0 = Release|Any CPU
		{DDD226DA-3B7C-4389-B385-67DBC0391E94}.Release|x64.ActiveCfg = Release|x64
		{DDD226DA-3B7C-4389-B385-67DBC0391E94}.Release|x64.Build.0 = Release|x64
		{DDD226DA-3B7C-4389-B385-67DBC0391E94}.Release|x86.ActiveCfg = Release|x86
		{DDD226DA-3B7C-4389-B385-67DBC0391E94}.Release|x86.Build.0 = Release|x86
		{E912AC37-FEC4-4EEA-870F-085B69411069}.Debug|Any CPU.ActiveCfg = Debug|Any CPU
		{E912AC37-FEC4-4EEA-870F-085B69411069}.Debug|Any CPU.Build.0 = Debug|Any CPU
		{E912AC37-FEC4-4EEA-870F-085B69411069}.Debug|x64.ActiveCfg = Debug|x64
		{E912AC37-FEC4-4EEA-870F-085B69411069}.Debug|x64.Build.0 = Debug|x64
		{E912AC37-FEC4-4EEA-870F-085B69411069}.Debug|x86.ActiveCfg = Debug|x86
		{E912AC37-FEC4-4EEA-870F-085B69411069}.Debug|x86.Build.0 = Debug|x86
		{E912AC37-FEC4-4EEA-870F-085B69411069}.Release|Any CPU.ActiveCfg = Release|Any CPU
		{E912AC37-FEC4-4EEA-870F-085B69411069}.Release|Any CPU.Build.0 = Release|Any CPU
		{E912AC37-FEC4-4EEA-870F-085B69411069}.Release|x64.ActiveCfg = Release|x64
		{E912AC37-FEC4-4EEA-870F-085B69411069}.Release|x64.Build.0 = Release|x64
		{E912AC37-FEC4-4EEA-870F-085B69411069}.Release|x86.ActiveCfg = Release|x86
		{E912AC37-FEC4-4EEA-870F-085B69411069}.Release|x86.Build.0 = Release|x86
	EndGlobalSection
EndGlobal
