
Microsoft Visual Studio Solution File, Format Version 12.00
# Visual Studio 15
VisualStudioVersion = 15.0.26124.0
MinimumVisualStudioVersion = 15.0.26124.0
Project("{F2A71F9B-5D33-465A-A702-920D77279786}") = "Compiler", "Compiler\Compiler.fsproj", "{838F09B3-F557-42E5-A5D8-8B5682B99D86}"
EndProject
Project("{F2A71F9B-5D33-465A-A702-920D77279786}") = "Compiler.Test", "Compiler.Test\Compiler.Test.fsproj", "{EED48F4E-B2CA-48A6-8E92-8EBA49EF8F0B}"
EndProject
Global
	GlobalSection(SolutionConfigurationPlatforms) = preSolution
		Debug|Any CPU = Debug|Any CPU
		Debug|x64 = Debug|x64
		Debug|x86 = Debug|x86
		Release|Any CPU = Release|Any CPU
		Release|x64 = Release|x64
		Release|x86 = Release|x86
	EndGlobalSection
	GlobalSection(SolutionProperties) = preSolution
		HideSolutionNode = FALSE
	EndGlobalSection
	GlobalSection(ProjectConfigurationPlatforms) = postSolution
		{838F09B3-F557-42E5-A5D8-8B5682B99D86}.Debug|Any CPU.ActiveCfg = Debug|Any CPU
		{838F09B3-F557-42E5-A5D8-8B5682B99D86}.Debug|Any CPU.Build.0 = Debug|Any CPU
		{838F09B3-F557-42E5-A5D8-8B5682B99D86}.Debug|x64.ActiveCfg = Debug|x64
		{838F09B3-F557-42E5-A5D8-8B5682B99D86}.Debug|x64.Build.0 = Debug|x64
		{838F09B3-F557-42E5-A5D8-8B5682B99D86}.Debug|x86.ActiveCfg = Debug|x86
		{838F09B3-F557-42E5-A5D8-8B5682B99D86}.Debug|x86.Build.0 = Debug|x86
		{838F09B3-F557-42E5-A5D8-8B5682B99D86}.Release|Any CPU.ActiveCfg = Release|Any CPU
		{838F09B3-F557-42E5-A5D8-8B5682B99D86}.Release|Any CPU.Build.0 = Release|Any CPU
		{838F09B3-F557-42E5-A5D8-8B5682B99D86}.Release|x64.ActiveCfg = Release|x64
		{838F09B3-F557-42E5-A5D8-8B5682B99D86}.Release|x64.Build.0 = Release|x64
		{838F09B3-F557-42E5-A5D8-8B5682B99D86}.Release|x86.ActiveCfg = Release|x86
		{838F09B3-F557-42E5-A5D8-8B5682B99D86}.Release|x86.Build.0 = Release|x86
		{EED48F4E-B2CA-48A6-8E92-8EBA49EF8F0B}.Debug|Any CPU.ActiveCfg = Debug|Any CPU
		{EED48F4E-B2CA-48A6-8E92-8EBA49EF8F0B}.Debug|Any CPU.Build.0 = Debug|Any CPU
		{EED48F4E-B2CA-48A6-8E92-8EBA49EF8F0B}.Debug|x64.ActiveCfg = Debug|x64
		{EED48F4E-B2CA-48A6-8E92-8EBA49EF8F0B}.Debug|x64.Build.0 = Debug|x64
		{EED48F4E-B2CA-48A6-8E92-8EBA49EF8F0B}.Debug|x86.ActiveCfg = Debug|x86
		{EED48F4E-B2CA-48A6-8E92-8EBA49EF8F0B}.Debug|x86.Build.0 = Debug|x86
		{EED48F4E-B2CA-48A6-8E92-8EBA49EF8F0B}.Release|Any CPU.ActiveCfg = Release|Any CPU
		{EED48F4E-B2CA-48A6-8E92-8EBA49EF8F0B}.Release|Any CPU.Build.0 = Release|Any CPU
		{EED48F4E-B2CA-48A6-8E92-8EBA49EF8F0B}.Release|x64.ActiveCfg = Release|x64
		{EED48F4E-B2CA-48A6-8E92-8EBA49EF8F0B}.Release|x64.Build.0 = Release|x64
		{EED48F4E-B2CA-48A6-8E92-8EBA49EF8F0B}.Release|x86.ActiveCfg = Release|x86
		{EED48F4E-B2CA-48A6-8E92-8EBA49EF8F0B}.Release|x86.Build.0 = Release|x86
	EndGlobalSection
EndGlobal
